{
  "name": "lambda-test",
  "version": "1.0.0",
  "lockfileVersion": 1,
  "requires": true,
  "dependencies": {
    "@types/node": {
      "version": "14.0.13",
      "resolved": "https://registry.npmjs.org/@types/node/-/node-14.0.13.tgz",
      "integrity": "sha512-rouEWBImiRaSJsVA+ITTFM6ZxibuAlTuNOCyxVbwreu6k6+ujs7DfnU9o+PShFhET78pMBl3eH+AGSI5eOTkPA=="
    },
    "@vercel/node": {
      "version": "1.6.1",
      "resolved": "https://registry.npmjs.org/@vercel/node/-/node-1.6.1.tgz",
      "integrity": "sha512-sCxhMtShD2kCcpznmYO5HaCG3LaqaJVm0xZiJq8BuGIuSNWgS/aXi5IESFa01whsafaS7WhdMTlAwNPPOvH5lg==",
      "requires": {
        "@types/node": "*"
      }
    }
  }
}
